
Microsoft Visual Studio Solution File, Format Version 12.00
# Visual Studio Version 17
VisualStudioVersion = 17.11.35327.3
MinimumVisualStudioVersion = 10.0.40219.1
Project("{8BC9CEB8-8B4A-11D0-8D11-00A0C91BC942}") = "P13B-1", "P13B-1\P13B-1.vcxproj", "{9793D1BD-D93D-41A7-874C-D7EA9D49E09F}"
EndProject
Global
	GlobalSection(SolutionConfigurationPlatforms) = preSolution
		Debug|x64 = Debug|x64
		Debug|x86 = Debug|x86
		Release|x64 = Release|x64
		Release|x86 = Release|x86
	EndGlobalSection
	GlobalSection(ProjectConfigurationPlatforms) = postSolution
		{9793D1BD-D93D-41A7-874C-D7EA9D49E09F}.Debug|x64.ActiveCfg = Debug|x64
		{9793D1BD-D93D-41A7-874C-D7EA9D49E09F}.Debug|x64.Build.0 = Debug|x64
		{9793D1BD-D93D-41A7-874C-D7EA9D49E09F}.Debug|x86.ActiveCfg = Debug|Win32
		{9793D1BD-D93D-41A7-874C-D7EA9D49E09F}.Debug|x86.Build.0 = Debug|Win32
		{9793D1BD-D93D-41A7-874C-D7EA9D49E09F}.Release|x64.ActiveCfg = Release|x64
		{9793D1BD-D93D-41A7-874C-D7EA9D49E09F}.Release|x64.Build.0 = Release|x64
		{9793D1BD-D93D-41A7-874C-D7EA9D49E09F}.Release|x86.ActiveCfg = Release|Win32
		{9793D1BD-D93D-41A7-874C-D7EA9D49E09F}.Release|x86.Build.0 = Release|Win32
	EndGlobalSection
	GlobalSection(SolutionProperties) = preSolution
		HideSolutionNode = FALSE
	EndGlobalSection
	GlobalSection(ExtensibilityGlobals) = postSolution
		SolutionGuid = {7EA27527-9825-4AF7-8C25-C8D01B4AFDFA}
	EndGlobalSection
EndGlobal
